
Microsoft Visual Studio Solution File, Format Version 12.00
# Visual Studio Version 16
VisualStudioVersion = 16.0.33214.272
MinimumVisualStudioVersion = 10.0.40219.1
Project("{FAE04EC0-301F-11D3-BF4B-00C04F79EFBC}") = "Mission2.2", "Mission2.2\Mission2.2.csproj", "{4D980513-3A9E-47DB-A1EC-EDC5C88BD458}"
EndProject
Global
	GlobalSection(SolutionConfigurationPlatforms) = preSolution
		Debug|Any CPU = Debug|Any CPU
		Release|Any CPU = Release|Any CPU
	EndGlobalSection
	GlobalSection(ProjectConfigurationPlatforms) = postSolution
		{4D980513-3A9E-47DB-A1EC-EDC5C88BD458}.Debug|Any CPU.ActiveCfg = Debug|Any CPU
		{4D980513-3A9E-47DB-A1EC-EDC5C88BD458}.Debug|Any CPU.Build.0 = Debug|Any CPU
		{4D980513-3A9E-47DB-A1EC-EDC5C88BD458}.Release|Any CPU.ActiveCfg = Release|Any CPU
		{4D980513-3A9E-47DB-A1EC-EDC5C88BD458}.Release|Any CPU.Build.0 = Release|Any CPU
	EndGlobalSection
	GlobalSection(SolutionProperties) = preSolution
		HideSolutionNode = FALSE
	EndGlobalSection
	GlobalSection(ExtensibilityGlobals) = postSolution
		SolutionGuid = {EFBE7AD2-2D9C-4A2B-BC6F-CE51ABF4FCDC}
	EndGlobalSection
EndGlobal
